ack.vim 36e40f9ec91bdbf6f1adf408522a73a6925c3042
ale.vim 5453e0e1a43302226da1d1d753e162af0231f9d3
ctrlp.vim 43cc73b8e7d4ab45f17118573eb81fd45704b989
editorconfig.vim 0abb0634a8bf3c760a283e9e7475594b83869a46
go.vim b03b33067f421f00a81b7c2190380af823923451
jellybeans.vim 36f4f82bd7749928ba4e61a58b2e76effb6ecd66
rust.vim 2fa74427456a68e9e90f542567f851df50d48a8c
swift.vim 404df978f9830d9cf0a1f5002cb02f594e3e8996
typescript.vim e25636b44211a4be7b089bfed7cf09aa7dd086f5
