ack.vim 36e40f9ec91bdbf6f1adf408522a73a6925c3042
ale.vim f1f2a222281c9e489c3ca6a4f72329c08d4646a6
ctrlp.vim ebc568c3992d9002d1d35b85737dfa0d9ce70d9f
editorconfig.vim 2c3e5323609d97ad7bda6fc22ae1f7746caab3d4
go.vim 7c232b817363b6898a214b9de878061f6796a929
jellybeans.vim 36f4f82bd7749928ba4e61a58b2e76effb6ecd66
rust.vim 5e4672c8ba490d2663c34d89616729b36b294594
swift.vim 5e330f026d4184c917cc156410634551dbd9a944
typescript.vim db131b8cd42973ed26928e9e445c1a745a98cff8
