ack.vim 36e40f9ec91bdbf6f1adf408522a73a6925c3042
ale.vim c49ea1a5e336f9b9e31a8de362b42f33aa79eb95
ctrlp.vim 4b9e7cac612902a25498cca49f13475fe1a821a4
editorconfig.vim 0abb0634a8bf3c760a283e9e7475594b83869a46
go.vim 88b22ad363564eae3264f2b6fb4534d1e1564e0e
jellybeans.vim 36f4f82bd7749928ba4e61a58b2e76effb6ecd66
swift.vim 404df978f9830d9cf0a1f5002cb02f594e3e8996
typescript.vim e25636b44211a4be7b089bfed7cf09aa7dd086f5
